{
  "requires": true,
  "lockfileVersion": 1,
  "dependencies": {
    "@govtechsg/open-attestation": {
      "version": "1.1.42",
      "resolved": "https://registry.npmjs.org/@govtechsg/open-attestation/-/open-attestation-1.1.42.tgz",
      "integrity": "sha512-6OYLTDBoZWs7rpw7lZs1qodFPqBMPd1tS+jXjeoJg90Nw94CkheDABa06kvCGDkm2o7XQAJLi8AgwTuXwLMUPA==",
      "requires": {
        "ajv": "^6.10.0",
        "flatley": "^5.2.0",
        "js-sha3": "^0.8.0",
        "lodash": "^4.17.11",
        "uuid": "^3.3.2",
        "validator": "^10.11.0",
        "verbal-expressions": "^1.0.0"
      }
    },
    "@govtechsg/open-certificate": {
      "version": "2.0.13",
      "resolved": "https://registry.npmjs.org/@govtechsg/open-certificate/-/open-certificate-2.0.13.tgz",
      "integrity": "sha512-dUWSyJiPhAjVzXHXLFVV5r9qwUAyb2nXR6eLDj3Hs4QLmPlioVvVrMsSmiOxB5QFd/WQwOmCuUZdrTPe5HJjnA==",
      "requires": {
        "@govtechsg/open-attestation": "1.1.42",
        "lodash": "^4.17.10"
      }
    },
    "ajv": {
      "version": "6.11.0",
      "resolved": "https://registry.npmjs.org/ajv/-/ajv-6.11.0.tgz",
      "integrity": "sha512-nCprB/0syFYy9fVYU1ox1l2KN8S9I+tziH8D4zdZuLT3N6RMlGSGt5FSTpAiHB/Whv8Qs1cWHma1aMKZyaHRKA==",
      "requires": {
        "fast-deep-equal": "^3.1.1",
        "fast-json-stable-stringify": "^2.0.0",
        "json-schema-traverse": "^0.4.1",
        "uri-js": "^4.2.2"
      }
    },
    "fast-deep-equal": {
      "version": "3.1.1",
      "resolved": "https://registry.npmjs.org/fast-deep-equal/-/fast-deep-equal-3.1.1.tgz",
      "integrity": "sha512-8UEa58QDLauDNfpbrX55Q9jrGHThw2ZMdOky5Gl1CDtVeJDPVrG4Jxx1N8jw2gkWaff5UUuX1KJd+9zGe2B+ZA=="
    },
    "fast-json-stable-stringify": {
      "version": "2.1.0",
      "resolved": "https://registry.npmjs.org/fast-json-stable-stringify/-/fast-json-stable-stringify-2.1.0.tgz",
      "integrity": "sha512-lhd/wF+Lk98HZoTCtlVraHtfh5XYijIjalXck7saUtuanSDyLMxnHhSXEDJqHxD7msR8D0uCmqlkwjCV8xvwHw=="
    },
    "flatley": {
      "version": "5.2.0",
      "resolved": "https://registry.npmjs.org/flatley/-/flatley-5.2.0.tgz",
      "integrity": "sha512-vsb0/03uIHu7/3jRqABweblFUJMLokz1uMrcgFlvx6OAr6V3FiSic2iXeiJCj+cciTiQeumSDsIFAAnN1yvu4w==",
      "requires": {
        "is-buffer": "^1.1.6"
      }
    },
    "is-buffer": {
      "version": "1.1.6",
      "resolved": "https://registry.npmjs.org/is-buffer/-/is-buffer-1.1.6.tgz",
      "integrity": "sha512-NcdALwpXkTm5Zvvbk7owOUSvVvBKDgKP5/ewfXEznmQFfs4ZRmanOeKBTjRVjka3QFoN6XJ+9F3USqfHqTaU5w=="
    },
    "js-sha3": {
      "version": "0.8.0",
      "resolved": "https://registry.npmjs.org/js-sha3/-/js-sha3-0.8.0.tgz",
      "integrity": "sha512-gF1cRrHhIzNfToc802P800N8PpXS+evLLXfsVpowqmAFR9uwbi89WvXg2QspOmXL8QL86J4T1EpFu+yUkwJY3Q=="
    },
    "json-schema-traverse": {
      "version": "0.4.1",
      "resolved": "https://registry.npmjs.org/json-schema-traverse/-/json-schema-traverse-0.4.1.tgz",
      "integrity": "sha512-xbbCH5dCYU5T8LcEhhuh7HJ88HXuW3qsI3Y0zOZFKfZEHcpWiHU/Jxzk629Brsab/mMiHQti9wMP+845RPe3Vg=="
    },
    "lodash": {
      "version": "4.17.15",
      "resolved": "https://registry.npmjs.org/lodash/-/lodash-4.17.15.tgz",
      "integrity": "sha512-8xOcRHvCjnocdS5cpwXQXVzmmh5e5+saE2QGoeQmbKmRS6J3VQppPOIt0MnmE+4xlZoumy0GPG0D0MVIQbNA1A=="
    },
    "punycode": {
      "version": "2.1.1",
      "resolved": "https://registry.npmjs.org/punycode/-/punycode-2.1.1.tgz",
      "integrity": "sha512-XRsRjdf+j5ml+y/6GKHPZbrF/8p2Yga0JPtdqTIY2Xe5ohJPD9saDJJLPvp9+NSBprVvevdXZybnj2cv8OEd0A=="
    },
    "uri-js": {
      "version": "4.2.2",
      "resolved": "https://registry.npmjs.org/uri-js/-/uri-js-4.2.2.tgz",
      "integrity": "sha512-KY9Frmirql91X2Qgjry0Wd4Y+YTdrdZheS8TFwvkbLWf/G5KNJDCh6pKL5OZctEW4+0Baa5idK2ZQuELRwPznQ==",
      "requires": {
        "punycode": "^2.1.0"
      }
    },
    "uuid": {
      "version": "3.4.0",
      "resolved": "https://registry.npmjs.org/uuid/-/uuid-3.4.0.tgz",
      "integrity": "sha512-HjSDRw6gZE5JMggctHBcjVak08+KEVhSIiDzFnT9S9aegmp85S/bReBVTb4QTFaRNptJ9kuYaNhnbNEOkbKb/A=="
    },
    "validator": {
      "version": "10.11.0",
      "resolved": "https://registry.npmjs.org/validator/-/validator-10.11.0.tgz",
      "integrity": "sha512-X/p3UZerAIsbBfN/IwahhYaBbY68EN/UQBWHtsbXGT5bfrH/p4NQzUCG1kF/rtKaNpnJ7jAu6NGTdSNtyNIXMw=="
    },
    "verbal-expressions": {
      "version": "1.0.2",
      "resolved": "https://registry.npmjs.org/verbal-expressions/-/verbal-expressions-1.0.2.tgz",
      "integrity": "sha512-LV8eG4ckcg1iIhGjOF+j1jb0b58m1DgGywce+2U8kbRrB5wZnGe4XCyUyOujZR9D/+rJGXTmxnL30o3zAgmC4w=="
    }
  }
}
